
Microsoft Visual Studio Solution File, Format Version 12.00
Project("{FAE04EC0-301F-11D3-BF4B-00C04F79EFBC}") = "Nestor", "Nestor\Nestor.csproj", "{1FE262F4-FDF1-4586-809A-FF24CE6A2EF7}"
EndProject
Project("{FAE04EC0-301F-11D3-BF4B-00C04F79EFBC}") = "Nestor.DictBuilder", "Nestor.DictBuilder\Nestor.DictBuilder.csproj", "{E2DCC571-3B69-4765-BA88-6E7ED8F97A55}"
EndProject
Project("{FAE04EC0-301F-11D3-BF4B-00C04F79EFBC}") = "Nestor.Tests", "Nestor.Tests\Nestor.Tests.csproj", "{B3774EDE-F4F3-4FC7-B8D6-AD60BDD0AAB1}"
EndProject
Project("{FAE04EC0-301F-11D3-BF4B-00C04F79EFBC}") = "Nestor.Nyms", "Nestor.Nyms\Nestor.Nyms.csproj", "{C60911CA-BBDD-45BB-BA64-7EBE872EDA2C}"
EndProject
Project("{FAE04EC0-301F-11D3-BF4B-00C04F79EFBC}") = "Nestor.Nyms.Tests", "Nestor.Nyms.Tests\Nestor.Nyms.Tests.csproj", "{90E6376F-6D1F-4F53-B7FE-39E39BEFDA06}"
EndProject
Project("{FAE04EC0-301F-11D3-BF4B-00C04F79EFBC}") = "Nestor.Poetry", "Nestor.Poetry\Nestor.Poetry.csproj", "{A973D844-F24B-400D-9998-AE76B99581A1}"
EndProject
Project("{FAE04EC0-301F-11D3-BF4B-00C04F79EFBC}") = "Nestor.Poetry.Tests", "Nestor.Poetry.Tests\Nestor.Poetry.Tests.csproj", "{BDA342A1-6986-499E-AEC8-F60544AC1572}"
EndProject
Project("{FAE04EC0-301F-11D3-BF4B-00C04F79EFBC}") = "Nestor.Thesaurus", "Nestor.Thesaurus\Nestor.Thesaurus.csproj", "{854FEC22-D095-4576-83B6-F828ACDDC17B}"
EndProject
Project("{FAE04EC0-301F-11D3-BF4B-00C04F79EFBC}") = "Nestor.Thesaurus.Tests", "Nestor.Thesaurus.Tests\Nestor.Thesaurus.Tests.csproj", "{A5EA0D5C-204D-46ED-97BC-D5A5BC5DF701}"
EndProject
Global
	GlobalSection(SolutionConfigurationPlatforms) = preSolution
		Debug|Any CPU = Debug|Any CPU
		Release|Any CPU = Release|Any CPU
	EndGlobalSection
	GlobalSection(ProjectConfigurationPlatforms) = postSolution
		{1FE262F4-FDF1-4586-809A-FF24CE6A2EF7}.Debug|Any CPU.ActiveCfg = Debug|Any CPU
		{1FE262F4-FDF1-4586-809A-FF24CE6A2EF7}.Debug|Any CPU.Build.0 = Debug|Any CPU
		{1FE262F4-FDF1-4586-809A-FF24CE6A2EF7}.Release|Any CPU.ActiveCfg = Release|Any CPU
		{1FE262F4-FDF1-4586-809A-FF24CE6A2EF7}.Release|Any CPU.Build.0 = Release|Any CPU
		{E2DCC571-3B69-4765-BA88-6E7ED8F97A55}.Debug|Any CPU.ActiveCfg = Debug|Any CPU
		{E2DCC571-3B69-4765-BA88-6E7ED8F97A55}.Debug|Any CPU.Build.0 = Debug|Any CPU
		{E2DCC571-3B69-4765-BA88-6E7ED8F97A55}.Release|Any CPU.ActiveCfg = Release|Any CPU
		{E2DCC571-3B69-4765-BA88-6E7ED8F97A55}.Release|Any CPU.Build.0 = Release|Any CPU
		{B3774EDE-F4F3-4FC7-B8D6-AD60BDD0AAB1}.Debug|Any CPU.ActiveCfg = Debug|Any CPU
		{B3774EDE-F4F3-4FC7-B8D6-AD60BDD0AAB1}.Debug|Any CPU.Build.0 = Debug|Any CPU
		{B3774EDE-F4F3-4FC7-B8D6-AD60BDD0AAB1}.Release|Any CPU.ActiveCfg = Release|Any CPU
		{B3774EDE-F4F3-4FC7-B8D6-AD60BDD0AAB1}.Release|Any CPU.Build.0 = Release|Any CPU
		{C60911CA-BBDD-45BB-BA64-7EBE872EDA2C}.Debug|Any CPU.ActiveCfg = Debug|Any CPU
		{C60911CA-BBDD-45BB-BA64-7EBE872EDA2C}.Debug|Any CPU.Build.0 = Debug|Any CPU
		{C60911CA-BBDD-45BB-BA64-7EBE872EDA2C}.Release|Any CPU.ActiveCfg = Release|Any CPU
		{C60911CA-BBDD-45BB-BA64-7EBE872EDA2C}.Release|Any CPU.Build.0 = Release|Any CPU
		{90E6376F-6D1F-4F53-B7FE-39E39BEFDA06}.Debug|Any CPU.ActiveCfg = Debug|Any CPU
		{90E6376F-6D1F-4F53-B7FE-39E39BEFDA06}.Debug|Any CPU.Build.0 = Debug|Any CPU
		{90E6376F-6D1F-4F53-B7FE-39E39BEFDA06}.Release|Any CPU.ActiveCfg = Release|Any CPU
		{90E6376F-6D1F-4F53-B7FE-39E39BEFDA06}.Release|Any CPU.Build.0 = Release|Any CPU
		{A973D844-F24B-400D-9998-AE76B99581A1}.Debug|Any CPU.ActiveCfg = Debug|Any CPU
		{A973D844-F24B-400D-9998-AE76B99581A1}.Debug|Any CPU.Build.0 = Debug|Any CPU
		{A973D844-F24B-400D-9998-AE76B99581A1}.Release|Any CPU.ActiveCfg = Release|Any CPU
		{A973D844-F24B-400D-9998-AE76B99581A1}.Release|Any CPU.Build.0 = Release|Any CPU
		{BDA342A1-6986-499E-AEC8-F60544AC1572}.Debug|Any CPU.ActiveCfg = Debug|Any CPU
		{BDA342A1-6986-499E-AEC8-F60544AC1572}.Debug|Any CPU.Build.0 = Debug|Any CPU
		{BDA342A1-6986-499E-AEC8-F60544AC1572}.Release|Any CPU.ActiveCfg = Release|Any CPU
		{BDA342A1-6986-499E-AEC8-F60544AC1572}.Release|Any CPU.Build.0 = Release|Any CPU
		{854FEC22-D095-4576-83B6-F828ACDDC17B}.Debug|Any CPU.ActiveCfg = Debug|Any CPU
		{854FEC22-D095-4576-83B6-F828ACDDC17B}.Debug|Any CPU.Build.0 = Debug|Any CPU
		{854FEC22-D095-4576-83B6-F828ACDDC17B}.Release|Any CPU.ActiveCfg = Release|Any CPU
		{854FEC22-D095-4576-83B6-F828ACDDC17B}.Release|Any CPU.Build.0 = Release|Any CPU
		{A5EA0D5C-204D-46ED-97BC-D5A5BC5DF701}.Debug|Any CPU.ActiveCfg = Debug|Any CPU
		{A5EA0D5C-204D-46ED-97BC-D5A5BC5DF701}.Debug|Any CPU.Build.0 = Debug|Any CPU
		{A5EA0D5C-204D-46ED-97BC-D5A5BC5DF701}.Release|Any CPU.ActiveCfg = Release|Any CPU
		{A5EA0D5C-204D-46ED-97BC-D5A5BC5DF701}.Release|Any CPU.Build.0 = Release|Any CPU
	EndGlobalSection
EndGlobal
